# THIS IS AN AUTOGENERATED FILE. DO NOT EDIT THIS FILE DIRECTLY.
# yarn lockfile v1


"@stencil/core@^2.0.1":
  version "2.5.2"
  resolved "https://registry.yarnpkg.com/@stencil/core/-/core-2.5.2.tgz#ad00d495ee37bbed4044524d59c7f22de15ab4a7"
  integrity sha512-bgjPXkSzzg1WnTgVUm6m5ZzpKt602WmA/QljODAW1xVN40OHJdbGblzF/F6MFzqv2c5Cy30CB41arc8qADIdcQ==
